{
  "name": "zhangjie",
  "version": "1.0.0",
  "lockfileVersion": 1,
  "requires": true,
  "dependencies": {
    "@ucarinc/ulib-env": {
      "version": "0.0.6",
      "resolved": "https://unpm.10101111.com:443/@ucarinc%2fulib-env/-/ulib-env-0.0.6.tgz",
      "integrity": "sha512-ojRBP63MmyM5qMZojBUXtEFqb8WXQjQATMKKJhd3fwBRvoyLMeiPDECQtaTTBFfzRUmZE5zqzQ2O0UbVsK7x0g=="
    },
    "@ucarinc/ulib-utils": {
      "version": "0.0.8",
      "resolved": "https://unpm.10101111.com:443/@ucarinc%2fulib-utils/-/ulib-utils-0.0.8.tgz",
      "integrity": "sha512-7LB4F9/OQxwZlZN+zQwlS3nF2iAMJ05pYjP8NGi5t6iQEhl46+pal6WtY+T8grPjPg8hGCFSBoY5aaEytlyxMA==",
      "requires": {
        "js-base64": "^2.5.1"
      }
    },
    "js-base64": {
      "version": "2.6.4",
      "resolved": "https://unpm.10101111.com:443/js-base64/-/js-base64-2.6.4.tgz",
      "integrity": "sha1-9OaGxd4eofhn28rT1G2WlCjfmMQ="
    }
  }
}
